
Microsoft Visual Studio Solution File, Format Version 12.00
# Visual Studio Version 16
VisualStudioVersion = 16.0.30804.86
MinimumVisualStudioVersion = 10.0.40219.1
Project("{9A19103F-16F7-4668-BE54-9A1E7A4F7556}") = "hello-mentor-app", "hello-mentor-app\hello-mentor-app.csproj", "{FF28B622-A49F-4712-AE48-112FF66669EE}"
EndProject
Project("{9A19103F-16F7-4668-BE54-9A1E7A4F7556}") = "hello-mentor-github-actions-tests", "hello-mentor-github-actions-tests\hello-mentor-github-actions-tests.csproj", "{2DAF57F5-9838-481A-8193-1FAEAB9ADEF3}"
EndProject
Global
	GlobalSection(SolutionConfigurationPlatforms) = preSolution
		Debug|Any CPU = Debug|Any CPU
		Release|Any CPU = Release|Any CPU
	EndGlobalSection
	GlobalSection(ProjectConfigurationPlatforms) = postSolution
		{FF28B622-A49F-4712-AE48-112FF66669EE}.Debug|Any CPU.ActiveCfg = Debug|Any CPU
		{FF28B622-A49F-4712-AE48-112FF66669EE}.Debug|Any CPU.Build.0 = Debug|Any CPU
		{FF28B622-A49F-4712-AE48-112FF66669EE}.Release|Any CPU.ActiveCfg = Release|Any CPU
		{FF28B622-A49F-4712-AE48-112FF66669EE}.Release|Any CPU.Build.0 = Release|Any CPU
		{2DAF57F5-9838-481A-8193-1FAEAB9ADEF3}.Debug|Any CPU.ActiveCfg = Debug|Any CPU
		{2DAF57F5-9838-481A-8193-1FAEAB9ADEF3}.Debug|Any CPU.Build.0 = Debug|Any CPU
		{2DAF57F5-9838-481A-8193-1FAEAB9ADEF3}.Release|Any CPU.ActiveCfg = Release|Any CPU
		{2DAF57F5-9838-481A-8193-1FAEAB9ADEF3}.Release|Any CPU.Build.0 = Release|Any CPU
	EndGlobalSection
	GlobalSection(SolutionProperties) = preSolution
		HideSolutionNode = FALSE
	EndGlobalSection
	GlobalSection(ExtensibilityGlobals) = postSolution
		SolutionGuid = {B1B9C84B-F0E2-4E34-9E8D-B46EDF6380E7}
	EndGlobalSection
EndGlobal
